
Microsoft Visual Studio Solution File, Format Version 12.00
# Visual Studio 15
VisualStudioVersion = 15.0.27004.2002
MinimumVisualStudioVersion = 10.0.40219.1
Project("{FAE04EC0-301F-11D3-BF4B-00C04F79EFBC}") = "ServiceDeploy.Agent", "src\ServiceDeploy.Agent\ServiceDeploy.Agent.csproj", "{7A4F34FC-B036-4201-8A4D-BBDABB0905FF}"
EndProject
Project("{2150E333-8FDC-42A3-9474-1A3956D46DE8}") = ".nuget", ".nuget", "{05181A9D-1418-4F20-AA86-8311EBFF04BF}"
	ProjectSection(SolutionItems) = preProject
		.nuget\NuGet.Config = .nuget\NuGet.Config
		.nuget\NuGet.exe = .nuget\NuGet.exe
		.nuget\NuGet.targets = .nuget\NuGet.targets
	EndProjectSection
EndProject
Global
	GlobalSection(SolutionConfigurationPlatforms) = preSolution
		Debug|Any CPU = Debug|Any CPU
		Debug|x64 = Debug|x64
		Release|Any CPU = Release|Any CPU
		Release|x64 = Release|x64
	EndGlobalSection
	GlobalSection(ProjectConfigurationPlatforms) = postSolution
		{7A4F34FC-B036-4201-8A4D-BBDABB0905FF}.Debug|Any CPU.ActiveCfg = Debug|Any CPU
		{7A4F34FC-B036-4201-8A4D-BBDABB0905FF}.Debug|Any CPU.Build.0 = Debug|Any CPU
		{7A4F34FC-B036-4201-8A4D-BBDABB0905FF}.Debug|x64.ActiveCfg = Debug|x64
		{7A4F34FC-B036-4201-8A4D-BBDABB0905FF}.Debug|x64.Build.0 = Debug|x64
		{7A4F34FC-B036-4201-8A4D-BBDABB0905FF}.Release|Any CPU.ActiveCfg = Release|Any CPU
		{7A4F34FC-B036-4201-8A4D-BBDABB0905FF}.Release|Any CPU.Build.0 = Release|Any CPU
		{7A4F34FC-B036-4201-8A4D-BBDABB0905FF}.Release|x64.ActiveCfg = Release|x64
		{7A4F34FC-B036-4201-8A4D-BBDABB0905FF}.Release|x64.Build.0 = Release|x64
	EndGlobalSection
	GlobalSection(SolutionProperties) = preSolution
		HideSolutionNode = FALSE
	EndGlobalSection
	GlobalSection(ExtensibilityGlobals) = postSolution
		SolutionGuid = {2F58314D-DD8F-45B0-8C4D-CC57C5C58980}
	EndGlobalSection
EndGlobal
